
Microsoft Visual Studio Solution File, Format Version 12.00
# Visual Studio 14
VisualStudioVersion = 14.0.24720.0
MinimumVisualStudioVersion = 10.0.40219.1
Project("{FAE04EC0-301F-11D3-BF4B-00C04F79EFBC}") = "AILabs.Utils", "AILabs.Utils\AILabs.Utils.csproj", "{9B7ADAD4-AD66-4616-AC34-7B88B1F58CC7}"
EndProject
Project("{FAE04EC0-301F-11D3-BF4B-00C04F79EFBC}") = "AI_Lab2", "AI_Lab2\AI_Lab2.csproj", "{B60FBB29-F6C6-423C-A42B-05B8503D574F}"
EndProject
Project("{FAE04EC0-301F-11D3-BF4B-00C04F79EFBC}") = "AILabs.BarleyBreak.Core", "AILabs.BarleyBreak.Core\AILabs.BarleyBreak.Core.csproj", "{CF7094A4-12B0-4B16-BD99-0FE45BB7F011}"
EndProject
Project("{FAE04EC0-301F-11D3-BF4B-00C04F79EFBC}") = "AI_Lab3", "AI_Lab3\AI_Lab3.csproj", "{B519A78A-9D10-4921-AECE-D3C40828D55A}"
EndProject
Project("{FAE04EC0-301F-11D3-BF4B-00C04F79EFBC}") = "AILabs.Packer.Core", "AILabs.Packer.Core\AILabs.Packer.Core.csproj", "{EF690C44-1592-4151-A097-D09B411109FF}"
EndProject
Project("{FAE04EC0-301F-11D3-BF4B-00C04F79EFBC}") = "AILabs_Lab4", "AILabs_Lab4\AILabs_Lab4.csproj", "{755B985C-8F14-424D-B1F1-0ACAF8A05272}"
EndProject
Project("{FAE04EC0-301F-11D3-BF4B-00C04F79EFBC}") = "AILabs.TicTacToe.Core", "AILabs.TicTacToe.Core\AILabs.TicTacToe.Core.csproj", "{79B9C690-5D23-41C9-849E-207154C3EEA7}"
EndProject
Project("{FAE04EC0-301F-11D3-BF4B-00C04F79EFBC}") = "AI_Lab5", "AI_Lab5\AI_Lab5.csproj", "{2A5FB116-AC68-4108-9BA2-C9763DBFA966}"
EndProject
Global
	GlobalSection(SolutionConfigurationPlatforms) = preSolution
		Debug|Any CPU = Debug|Any CPU
		Release|Any CPU = Release|Any CPU
	EndGlobalSection
	GlobalSection(ProjectConfigurationPlatforms) = postSolution
		{9B7ADAD4-AD66-4616-AC34-7B88B1F58CC7}.Debug|Any CPU.ActiveCfg = Debug|Any CPU
		{9B7ADAD4-AD66-4616-AC34-7B88B1F58CC7}.Debug|Any CPU.Build.0 = Debug|Any CPU
		{9B7ADAD4-AD66-4616-AC34-7B88B1F58CC7}.Release|Any CPU.ActiveCfg = Release|Any CPU
		{9B7ADAD4-AD66-4616-AC34-7B88B1F58CC7}.Release|Any CPU.Build.0 = Release|Any CPU
		{B60FBB29-F6C6-423C-A42B-05B8503D574F}.Debug|Any CPU.ActiveCfg = Debug|Any CPU
		{B60FBB29-F6C6-423C-A42B-05B8503D574F}.Debug|Any CPU.Build.0 = Debug|Any CPU
		{B60FBB29-F6C6-423C-A42B-05B8503D574F}.Release|Any CPU.ActiveCfg = Release|Any CPU
		{B60FBB29-F6C6-423C-A42B-05B8503D574F}.Release|Any CPU.Build.0 = Release|Any CPU
		{CF7094A4-12B0-4B16-BD99-0FE45BB7F011}.Debug|Any CPU.ActiveCfg = Debug|Any CPU
		{CF7094A4-12B0-4B16-BD99-0FE45BB7F011}.Debug|Any CPU.Build.0 = Debug|Any CPU
		{CF7094A4-12B0-4B16-BD99-0FE45BB7F011}.Release|Any CPU.ActiveCfg = Release|Any CPU
		{CF7094A4-12B0-4B16-BD99-0FE45BB7F011}.Release|Any CPU.Build.0 = Release|Any CPU
		{B519A78A-9D10-4921-AECE-D3C40828D55A}.Debug|Any CPU.ActiveCfg = Debug|Any CPU
		{B519A78A-9D10-4921-AECE-D3C40828D55A}.Debug|Any CPU.Build.0 = Debug|Any CPU
		{B519A78A-9D10-4921-AECE-D3C40828D55A}.Release|Any CPU.ActiveCfg = Release|Any CPU
		{B519A78A-9D10-4921-AECE-D3C40828D55A}.Release|Any CPU.Build.0 = Release|Any CPU
		{EF690C44-1592-4151-A097-D09B411109FF}.Debug|Any CPU.ActiveCfg = Debug|Any CPU
		{EF690C44-1592-4151-A097-D09B411109FF}.Debug|Any CPU.Build.0 = Debug|Any CPU
		{EF690C44-1592-4151-A097-D09B411109FF}.Release|Any CPU.ActiveCfg = Release|Any CPU
		{EF690C44-1592-4151-A097-D09B411109FF}.Release|Any CPU.Build.0 = Release|Any CPU
		{755B985C-8F14-424D-B1F1-0ACAF8A05272}.Debug|Any CPU.ActiveCfg = Debug|Any CPU
		{755B985C-8F14-424D-B1F1-0ACAF8A05272}.Debug|Any CPU.Build.0 = Debug|Any CPU
		{755B985C-8F14-424D-B1F1-0ACAF8A05272}.Release|Any CPU.ActiveCfg = Release|Any CPU
		{755B985C-8F14-424D-B1F1-0ACAF8A05272}.Release|Any CPU.Build.0 = Release|Any CPU
		{79B9C690-5D23-41C9-849E-207154C3EEA7}.Debug|Any CPU.ActiveCfg = Debug|Any CPU
		{79B9C690-5D23-41C9-849E-207154C3EEA7}.Debug|Any CPU.Build.0 = Debug|Any CPU
		{79B9C690-5D23-41C9-849E-207154C3EEA7}.Release|Any CPU.ActiveCfg = Release|Any CPU
		{79B9C690-5D23-41C9-849E-207154C3EEA7}.Release|Any CPU.Build.0 = Release|Any CPU
		{2A5FB116-AC68-4108-9BA2-C9763DBFA966}.Debug|Any CPU.ActiveCfg = Debug|Any CPU
		{2A5FB116-AC68-4108-9BA2-C9763DBFA966}.Debug|Any CPU.Build.0 = Debug|Any CPU
		{2A5FB116-AC68-4108-9BA2-C9763DBFA966}.Release|Any CPU.ActiveCfg = Release|Any CPU
		{2A5FB116-AC68-4108-9BA2-C9763DBFA966}.Release|Any CPU.Build.0 = Release|Any CPU
	EndGlobalSection
	GlobalSection(SolutionProperties) = preSolution
		HideSolutionNode = FALSE
	EndGlobalSection
EndGlobal
